
Microsoft Visual Studio Solution File, Format Version 12.00
# Visual Studio 15
VisualStudioVersion = 15.0.26430.6
MinimumVisualStudioVersion = 10.0.40219.1
Project("{FAE04EC0-301F-11D3-BF4B-00C04F79EFBC}") = "BuildSystemTest", "BuildSystemTest\BuildSystemTest.csproj", "{2056C1CE-30B3-4B0E-A26C-85110A652C56}"
EndProject
Project("{FAE04EC0-301F-11D3-BF4B-00C04F79EFBC}") = "CommonFrontEnd", "CommonFrontEnd\CommonFrontEnd.csproj", "{A0606235-C4A7-4AE1-B245-9F183C065858}"
EndProject
Global
	GlobalSection(SolutionConfigurationPlatforms) = preSolution
		Debug|Any CPU = Debug|Any CPU
		Release|Any CPU = Release|Any CPU
	EndGlobalSection
	GlobalSection(ProjectConfigurationPlatforms) = postSolution
		{2056C1CE-30B3-4B0E-A26C-85110A652C56}.Debug|Any CPU.ActiveCfg = Debug|Any CPU
		{2056C1CE-30B3-4B0E-A26C-85110A652C56}.Debug|Any CPU.Build.0 = Debug|Any CPU
		{2056C1CE-30B3-4B0E-A26C-85110A652C56}.Release|Any CPU.ActiveCfg = Release|Any CPU
		{2056C1CE-30B3-4B0E-A26C-85110A652C56}.Release|Any CPU.Build.0 = Release|Any CPU
		{A0606235-C4A7-4AE1-B245-9F183C065858}.Debug|Any CPU.ActiveCfg = Debug|Any CPU
		{A0606235-C4A7-4AE1-B245-9F183C065858}.Debug|Any CPU.Build.0 = Debug|Any CPU
		{A0606235-C4A7-4AE1-B245-9F183C065858}.Release|Any CPU.ActiveCfg = Release|Any CPU
		{A0606235-C4A7-4AE1-B245-9F183C065858}.Release|Any CPU.Build.0 = Release|Any CPU
	EndGlobalSection
	GlobalSection(SolutionProperties) = preSolution
		HideSolutionNode = FALSE
	EndGlobalSection
EndGlobal
